
Microsoft Visual Studio Solution File, Format Version 12.00
# Visual Studio 15
VisualStudioVersion = 15.0.27130.2036
MinimumVisualStudioVersion = 10.0.40219.1
Project("{9A19103F-16F7-4668-BE54-9A1E7A4F7556}") = "UBookList", "UBookList\UBookList.csproj", "{A0DB9448-E727-4D9B-BE89-603F13E43AFD}"
EndProject
Project("{FAE04EC0-301F-11D3-BF4B-00C04F79EFBC}") = "UBookList_RazorPages", "UBookList_RazorPages\UBookList_RazorPages.csproj", "{FDF11902-6176-4311-A36E-4A5081D93907}"
EndProject
Global
	GlobalSection(SolutionConfigurationPlatforms) = preSolution
		Debug|Any CPU = Debug|Any CPU
		Release|Any CPU = Release|Any CPU
	EndGlobalSection
	GlobalSection(ProjectConfigurationPlatforms) = postSolution
		{A0DB9448-E727-4D9B-BE89-603F13E43AFD}.Debug|Any CPU.ActiveCfg = Debug|Any CPU
		{A0DB9448-E727-4D9B-BE89-603F13E43AFD}.Debug|Any CPU.Build.0 = Debug|Any CPU
		{A0DB9448-E727-4D9B-BE89-603F13E43AFD}.Release|Any CPU.ActiveCfg = Release|Any CPU
		{A0DB9448-E727-4D9B-BE89-603F13E43AFD}.Release|Any CPU.Build.0 = Release|Any CPU
		{FDF11902-6176-4311-A36E-4A5081D93907}.Debug|Any CPU.ActiveCfg = Debug|Any CPU
		{FDF11902-6176-4311-A36E-4A5081D93907}.Debug|Any CPU.Build.0 = Debug|Any CPU
		{FDF11902-6176-4311-A36E-4A5081D93907}.Release|Any CPU.ActiveCfg = Release|Any CPU
		{FDF11902-6176-4311-A36E-4A5081D93907}.Release|Any CPU.Build.0 = Release|Any CPU
	EndGlobalSection
	GlobalSection(SolutionProperties) = preSolution
		HideSolutionNode = FALSE
	EndGlobalSection
	GlobalSection(ExtensibilityGlobals) = postSolution
		SolutionGuid = {ECE60D5B-7024-41AB-843E-F5414D444CB1}
	EndGlobalSection
EndGlobal
